// !$*UTF8*$!
{
	archiveVersion = 1;
	classes = {
	};
	objectVersion = 56;
	objects = {

/* Begin PBXBuildFile section */
		A9F4AC0C2AA5B04500FC24BF /* ExpenseTrackerAppApp.swift in Sources */ = {isa = PBXBuildFile; fileRef = A9F4AC0B2AA5B04500FC24BF /* ExpenseTrackerAppApp.swift */; };
		A9F4AC0E2AA5B04500FC24BF /* ContentView.swift in Sources */ = {isa = PBXBuildFile; fileRef = A9F4AC0D2AA5B04500FC24BF /* ContentView.swift */; };
		A9F4AC102AA5B04500FC24BF /* Item.swift in Sources */ = {isa = PBXBuildFile; fileRef = A9F4AC0F2AA5B04500FC24BF /* Item.swift */; };
		A9F4AC122AA5B04500FC24BF /* Assets.xcassets in Resources */ = {isa = PBXBuildFile; fileRef = A9F4AC112AA5B04500FC24BF /* Assets.xcassets */; };
		A9F4AC162AA5B04600FC24BF /* Preview Assets.xcassets in Resources */ = {isa = PBXBuildFile; fileRef = A9F4AC152AA5B04600FC24BF /* Preview Assets.xcassets */; };
		A9F4AC1F2AA5B0E000FC24BF /* Expense.swift in Sources */ = {isa = PBXBuildFile; fileRef = A9F4AC1E2AA5B0E000FC24BF /* Expense.swift */; };
		A9F4AC212AA5B13400FC24BF /* Category.swift in Sources */ = {isa = PBXBuildFile; fileRef = A9F4AC202AA5B13400FC24BF /* Category.swift */; };
		A9F4AC232AA5B2D900FC24BF /* ExpensesView.swift in Sources */ = {isa = PBXBuildFile; fileRef = A9F4AC222AA5B2D900FC24BF /* ExpensesView.swift */; };
		A9F4AC252AA5BDE500FC24BF /* CategoriesView.swift in Sources */ = {isa = PBXBuildFile; fileRef = A9F4AC242AA5BDE500FC24BF /* CategoriesView.swift */; };
		A9F4AC272AA5BFD600FC24BF /* GroupedExpenses.swift in Sources */ = {isa = PBXBuildFile; fileRef = A9F4AC262AA5BFD600FC24BF /* GroupedExpenses.swift */; };
		A9F4AC292AA5D9E300FC24BF /* AddExpenseView.swift in Sources */ = {isa = PBXBuildFile; fileRef = A9F4AC282AA5D9E300FC24BF /* AddExpenseView.swift */; };
		A9F4AC2B2AA5E21600FC24BF /* ExpenseCardView.swift in Sources */ = {isa = PBXBuildFile; fileRef = A9F4AC2A2AA5E21600FC24BF /* ExpenseCardView.swift */; };
/* End PBXBuildFile section */

/* Begin PBXFileReference section */
		A9F4AC082AA5B04500FC24BF /* ExpenseTrackerApp.app */ = {isa = PBXFileReference; explicitFileType = wrapper.application; includeInIndex = 0; path = ExpenseTrackerApp.app; sourceTree = BUILT_PRODUCTS_DIR; };
		A9F4AC0B2AA5B04500FC24BF /* ExpenseTrackerAppApp.swift */ = {isa = PBXFileReference; lastKnownFileType = sourcecode.swift; path = ExpenseTrackerAppApp.swift; sourceTree = "<group>"; };
		A9F4AC0D2AA5B04500FC24BF /* ContentView.swift */ = {isa = PBXFileReference; lastKnownFileType = sourcecode.swift; path = ContentView.swift; sourceTree = "<group>"; };
		A9F4AC0F2AA5B04500FC24BF /* Item.swift */ = {isa = PBXFileReference; lastKnownFileType = sourcecode.swift; path = Item.swift; sourceTree = "<group>"; };
		A9F4AC112AA5B04500FC24BF /* Assets.xcassets */ = {isa = PBXFileReference; lastKnownFileType = folder.assetcatalog; path = Assets.xcassets; sourceTree = "<group>"; };
		A9F4AC132AA5B04500FC24BF /* ExpenseTrackerApp.entitlements */ = {isa = PBXFileReference; lastKnownFileType = text.plist.entitlements; path = ExpenseTrackerApp.entitlements; sourceTree = "<group>"; };
		A9F4AC152AA5B04600FC24BF /* Preview Assets.xcassets */ = {isa = PBXFileReference; lastKnownFileType = folder.assetcatalog; path = "Preview Assets.xcassets"; sourceTree = "<group>"; };
		A9F4AC1E2AA5B0E000FC24BF /* Expense.swift */ = {isa = PBXFileReference; lastKnownFileType = sourcecode.swift; path = Expense.swift; sourceTree = "<group>"; };
		A9F4AC202AA5B13400FC24BF /* Category.swift */ = {isa = PBXFileReference; lastKnownFileType = sourcecode.swift; path = Category.swift; sourceTree = "<group>"; };
		A9F4AC222AA5B2D900FC24BF /* ExpensesView.swift */ = {isa = PBXFileReference; lastKnownFileType = sourcecode.swift; path = ExpensesView.swift; sourceTree = "<group>"; };
		A9F4AC242AA5BDE500FC24BF /* CategoriesView.swift */ = {isa = PBXFileReference; lastKnownFileType = sourcecode.swift; path = CategoriesView.swift; sourceTree = "<group>"; };
		A9F4AC262AA5BFD600FC24BF /* GroupedExpenses.swift */ = {isa = PBXFileReference; lastKnownFileType = sourcecode.swift; path = GroupedExpenses.swift; sourceTree = "<group>"; };
		A9F4AC282AA5D9E300FC24BF /* AddExpenseView.swift */ = {isa = PBXFileReference; lastKnownFileType = sourcecode.swift; path = AddExpenseView.swift; sourceTree = "<group>"; };
		A9F4AC2A2AA5E21600FC24BF /* ExpenseCardView.swift */ = {isa = PBXFileReference; lastKnownFileType = sourcecode.swift; path = ExpenseCardView.swift; sourceTree = "<group>"; };
/* End PBXFileReference section */

/* Begin PBXFrameworksBuildPhase section */
		A9F4AC052AA5B04500FC24BF /* Frameworks */ = {
			isa = PBXFrameworksBuildPhase;
			buildActionMask = 2147483647;
			files = (
			);
			runOnlyForDeploymentPostprocessing = 0;
		};
/* End PBXFrameworksBuildPhase section */

/* Begin PBXGroup section */
		A9F4ABFF2AA5B04500FC24BF = {
			isa = PBXGroup;
			children = (
				A9F4AC0A2AA5B04500FC24BF /* ExpenseTrackerApp */,
				A9F4AC092AA5B04500FC24BF /* Products */,
			);
			sourceTree = "<group>";
		};
		A9F4AC092AA5B04500FC24BF /* Products */ = {
			isa = PBXGroup;
			children = (
				A9F4AC082AA5B04500FC24BF /* ExpenseTrackerApp.app */,
			);
			name = Products;
			sourceTree = "<group>";
		};
		A9F4AC0A2AA5B04500FC24BF /* ExpenseTrackerApp */ = {
			isa = PBXGroup;
			children = (
				A9F4AC1D2AA5B0D300FC24BF /* Model */,
				A9F4AC1C2AA5B0CE00FC24BF /* View */,
				A9F4AC0B2AA5B04500FC24BF /* ExpenseTrackerAppApp.swift */,
				A9F4AC0D2AA5B04500FC24BF /* ContentView.swift */,
				A9F4AC0F2AA5B04500FC24BF /* Item.swift */,
				A9F4AC112AA5B04500FC24BF /* Assets.xcassets */,
				A9F4AC132AA5B04500FC24BF /* ExpenseTrackerApp.entitlements */,
				A9F4AC142AA5B04600FC24BF /* Preview Content */,
			);
			path = ExpenseTrackerApp;
			sourceTree = "<group>";
		};
		A9F4AC142AA5B04600FC24BF /* Preview Content */ = {
			isa = PBXGroup;
			children = (
				A9F4AC152AA5B04600FC24BF /* Preview Assets.xcassets */,
			);
			path = "Preview Content";
			sourceTree = "<group>";
		};
		A9F4AC1C2AA5B0CE00FC24BF /* View */ = {
			isa = PBXGroup;
			children = (
				A9F4AC222AA5B2D900FC24BF /* ExpensesView.swift */,
				A9F4AC242AA5BDE500FC24BF /* CategoriesView.swift */,
				A9F4AC282AA5D9E300FC24BF /* AddExpenseView.swift */,
				A9F4AC2A2AA5E21600FC24BF /* ExpenseCardView.swift */,
			);
			path = View;
			sourceTree = "<group>";
		};
		A9F4AC1D2AA5B0D300FC24BF /* Model */ = {
			isa = PBXGroup;
			children = (
				A9F4AC1E2AA5B0E000FC24BF /* Expense.swift */,
				A9F4AC202AA5B13400FC24BF /* Category.swift */,
				A9F4AC262AA5BFD600FC24BF /* GroupedExpenses.swift */,
			);
			path = Model;
			sourceTree = "<group>";
		};
/* End PBXGroup section */

/* Begin PBXNativeTarget section */
		A9F4AC072AA5B04500FC24BF /* ExpenseTrackerApp */ = {
			isa = PBXNativeTarget;
			buildConfigurationList = A9F4AC192AA5B04600FC24BF /* Build configuration list for PBXNativeTarget "ExpenseTrackerApp" */;
			buildPhases = (
				A9F4AC042AA5B04500FC24BF /* Sources */,
				A9F4AC052AA5B04500FC24BF /* Frameworks */,
				A9F4AC062AA5B04500FC24BF /* Resources */,
			);
			buildRules = (
			);
			dependencies = (
			);
			name = ExpenseTrackerApp;
			productName = ExpenseTrackerApp;
			productReference = A9F4AC082AA5B04500FC24BF /* ExpenseTrackerApp.app */;
			productType = "com.apple.product-type.application";
		};
/* End PBXNativeTarget section */

/* Begin PBXProject section */
		A9F4AC002AA5B04500FC24BF /* Project object */ = {
			isa = PBXProject;
			attributes = {
				BuildIndependentTargetsInParallel = 1;
				LastSwiftUpdateCheck = 1500;
				LastUpgradeCheck = 1500;
				TargetAttributes = {
					A9F4AC072AA5B04500FC24BF = {
						CreatedOnToolsVersion = 15.0;
					};
				};
			};
			buildConfigurationList = A9F4AC032AA5B04500FC24BF /* Build configuration list for PBXProject "ExpenseTrackerApp" */;
			compatibilityVersion = "Xcode 14.0";
			developmentRegion = en;
			hasScannedForEncodings = 0;
			knownRegions = (
				en,
				Base,
			);
			mainGroup = A9F4ABFF2AA5B04500FC24BF;
			productRefGroup = A9F4AC092AA5B04500FC24BF /* Products */;
			projectDirPath = "";
			projectRoot = "";
			targets = (
				A9F4AC072AA5B04500FC24BF /* ExpenseTrackerApp */,
			);
		};
/* End PBXProject section */

/* Begin PBXResourcesBuildPhase section */
		A9F4AC062AA5B04500FC24BF /* Resources */ = {
			isa = PBXResourcesBuildPhase;
			buildActionMask = 2147483647;
			files = (
				A9F4AC162AA5B04600FC24BF /* Preview Assets.xcassets in Resources */,
				A9F4AC122AA5B04500FC24BF /* Assets.xcassets in Resources */,
			);
			runOnlyForDeploymentPostprocessing = 0;
		};
/* End PBXResourcesBuildPhase section */

/* Begin PBXSourcesBuildPhase section */
		A9F4AC042AA5B04500FC24BF /* Sources */ = {
			isa = PBXSourcesBuildPhase;
			buildActionMask = 2147483647;
			files = (
				A9F4AC292AA5D9E300FC24BF /* AddExpenseView.swift in Sources */,
				A9F4AC1F2AA5B0E000FC24BF /* Expense.swift in Sources */,
				A9F4AC272AA5BFD600FC24BF /* GroupedExpenses.swift in Sources */,
				A9F4AC252AA5BDE500FC24BF /* CategoriesView.swift in Sources */,
				A9F4AC232AA5B2D900FC24BF /* ExpensesView.swift in Sources */,
				A9F4AC212AA5B13400FC24BF /* Category.swift in Sources */,
				A9F4AC0E2AA5B04500FC24BF /* ContentView.swift in Sources */,
				A9F4AC2B2AA5E21600FC24BF /* ExpenseCardView.swift in Sources */,
				A9F4AC102AA5B04500FC24BF /* Item.swift in Sources */,
				A9F4AC0C2AA5B04500FC24BF /* ExpenseTrackerAppApp.swift in Sources */,
			);
			runOnlyForDeploymentPostprocessing = 0;
		};
/* End PBXSourcesBuildPhase section */

/* Begin XCBuildConfiguration section */
		A9F4AC172AA5B04600FC24BF /* Debug */ = {
			isa = XCBuildConfiguration;
			buildSettings = {
				ALWAYS_SEARCH_USER_PATHS = NO;
				ASSETCATALOG_COMPILER_GENERATE_SWIFT_ASSET_SYMBOL_EXTENSIONS = YES;
				CLANG_ANALYZER_NONNULL = YES;
				CLANG_ANALYZER_NUMBER_OBJECT_CONVERSION = YES_AGGRESSIVE;
				CLANG_CXX_LANGUAGE_STANDARD = "gnu++20";
				CLANG_ENABLE_MODULES = YES;
				CLANG_ENABLE_OBJC_ARC = YES;
				CLANG_ENABLE_OBJC_WEAK = YES;
				CLANG_WARN_BLOCK_CAPTURE_AUTORELEASING = YES;
				CLANG_WARN_BOOL_CONVERSION = YES;
				CLANG_WARN_COMMA = YES;
				CLANG_WARN_CONSTANT_CONVERSION = YES;
				CLANG_WARN_DEPRECATED_OBJC_IMPLEMENTATIONS = YES;
				CLANG_WARN_DIRECT_OBJC_ISA_USAGE = YES_ERROR;
				CLANG_WARN_DOCUMENTATION_COMMENTS = YES;
				CLANG_WARN_EMPTY_BODY = YES;
				CLANG_WARN_ENUM_CONVERSION = YES;
				CLANG_WARN_INFINITE_RECURSION = YES;
				CLANG_WARN_INT_CONVERSION = YES;
				CLANG_WARN_NON_LITERAL_NULL_CONVERSION = YES;
				CLANG_WARN_OBJC_IMPLICIT_RETAIN_SELF = YES;
				CLANG_WARN_OBJC_LITERAL_CONVERSION = YES;
				CLANG_WARN_OBJC_ROOT_CLASS = YES_ERROR;
				CLANG_WARN_QUOTED_INCLUDE_IN_FRAMEWORK_HEADER = YES;
				CLANG_WARN_RANGE_LOOP_ANALYSIS = YES;
				CLANG_WARN_STRICT_PROTOTYPES = YES;
				CLANG_WARN_SUSPICIOUS_MOVE = YES;
				CLANG_WARN_UNGUARDED_AVAILABILITY = YES_AGGRESSIVE;
				CLANG_WARN_UNREACHABLE_CODE = YES;
				CLANG_WARN__DUPLICATE_METHOD_MATCH = YES;
				COPY_PHASE_STRIP = NO;
				DEBUG_INFORMATION_FORMAT = dwarf;
				ENABLE_STRICT_OBJC_MSGSEND = YES;
				ENABLE_TESTABILITY = YES;
				ENABLE_USER_SCRIPT_SANDBOXING = YES;
				GCC_C_LANGUAGE_STANDARD = gnu17;
				GCC_DYNAMIC_NO_PIC = NO;
				GCC_NO_COMMON_BLOCKS = YES;
				GCC_OPTIMIZATION_LEVEL = 0;
				GCC_PREPROCESSOR_DEFINITIONS = (
					"DEBUG=1",
					"$(inherited)",
				);
				GCC_WARN_64_TO_32_BIT_CONVERSION = YES;
				GCC_WARN_ABOUT_RETURN_TYPE = YES_ERROR;
				GCC_WARN_UNDECLARED_SELECTOR = YES;
				GCC_WARN_UNINITIALIZED_AUTOS = YES_AGGRESSIVE;
				GCC_WARN_UNUSED_FUNCTION = YES;
				GCC_WARN_UNUSED_VARIABLE = YES;
				LOCALIZATION_PREFERS_STRING_CATALOGS = YES;
				MTL_ENABLE_DEBUG_INFO = INCLUDE_SOURCE;
				MTL_FAST_MATH = YES;
				ONLY_ACTIVE_ARCH = YES;
				SWIFT_ACTIVE_COMPILATION_CONDITIONS = "DEBUG $(inherited)";
				SWIFT_OPTIMIZATION_LEVEL = "-Onone";
			};
			name = Debug;
		};
		A9F4AC182AA5B04600FC24BF /* Release */ = {
			isa = XCBuildConfiguration;
			buildSettings = {
				ALWAYS_SEARCH_USER_PATHS = NO;
				ASSETCATALOG_COMPILER_GENERATE_SWIFT_ASSET_SYMBOL_EXTENSIONS = YES;
				CLANG_ANALYZER_NONNULL = YES;
				CLANG_ANALYZER_NUMBER_OBJECT_CONVERSION = YES_AGGRESSIVE;
				CLANG_CXX_LANGUAGE_STANDARD = "gnu++20";
				CLANG_ENABLE_MODULES = YES;
				CLANG_ENABLE_OBJC_ARC = YES;
				CLANG_ENABLE_OBJC_WEAK = YES;
				CLANG_WARN_BLOCK_CAPTURE_AUTORELEASING = YES;
				CLANG_WARN_BOOL_CONVERSION = YES;
				CLANG_WARN_COMMA = YES;
				CLANG_WARN_CONSTANT_CONVERSION = YES;
				CLANG_WARN_DEPRECATED_OBJC_IMPLEMENTATIONS = YES;
				CLANG_WARN_DIRECT_OBJC_ISA_USAGE = YES_ERROR;
				CLANG_WARN_DOCUMENTATION_COMMENTS = YES;
				CLANG_WARN_EMPTY_BODY = YES;
				CLANG_WARN_ENUM_CONVERSION = YES;
				CLANG_WARN_INFINITE_RECURSION = YES;
				CLANG_WARN_INT_CONVERSION = YES;
				CLANG_WARN_NON_LITERAL_NULL_CONVERSION = YES;
				CLANG_WARN_OBJC_IMPLICIT_RETAIN_SELF = YES;
				CLANG_WARN_OBJC_LITERAL_CONVERSION = YES;
				CLANG_WARN_OBJC_ROOT_CLASS = YES_ERROR;
				CLANG_WARN_QUOTED_INCLUDE_IN_FRAMEWORK_HEADER = YES;
				CLANG_WARN_RANGE_LOOP_ANALYSIS = YES;
				CLANG_WARN_STRICT_PROTOTYPES = YES;
				CLANG_WARN_SUSPICIOUS_MOVE = YES;
				CLANG_WARN_UNGUARDED_AVAILABILITY = YES_AGGRESSIVE;
				CLANG_WARN_UNREACHABLE_CODE = YES;
				CLANG_WARN__DUPLICATE_METHOD_MATCH = YES;
				COPY_PHASE_STRIP = NO;
				DEBUG_INFORMATION_FORMAT = "dwarf-with-dsym";
				ENABLE_NS_ASSERTIONS = NO;
				ENABLE_STRICT_OBJC_MSGSEND = YES;
				ENABLE_USER_SCRIPT_SANDBOXING = YES;
				GCC_C_LANGUAGE_STANDARD = gnu17;
				GCC_NO_COMMON_BLOCKS = YES;
				GCC_WARN_64_TO_32_BIT_CONVERSION = YES;
				GCC_WARN_ABOUT_RETURN_TYPE = YES_ERROR;
				GCC_WARN_UNDECLARED_SELECTOR = YES;
				GCC_WARN_UNINITIALIZED_AUTOS = YES_AGGRESSIVE;
				GCC_WARN_UNUSED_FUNCTION = YES;
				GCC_WARN_UNUSED_VARIABLE = YES;
				LOCALIZATION_PREFERS_STRING_CATALOGS = YES;
				MTL_ENABLE_DEBUG_INFO = NO;
				MTL_FAST_MATH = YES;
				SWIFT_COMPILATION_MODE = wholemodule;
			};
			name = Release;
		};
		A9F4AC1A2AA5B04600FC24BF /* Debug */ = {
			isa = XCBuildConfiguration;
			buildSettings = {
				ASSETCATALOG_COMPILER_APPICON_NAME = AppIcon;
				ASSETCATALOG_COMPILER_GLOBAL_ACCENT_COLOR_NAME = AccentColor;
				CODE_SIGN_ENTITLEMENTS = ExpenseTrackerApp/ExpenseTrackerApp.entitlements;
				CODE_SIGN_STYLE = Automatic;
				CURRENT_PROJECT_VERSION = 1;
				DEVELOPMENT_ASSET_PATHS = "\"ExpenseTrackerApp/Preview Content\"";
				DEVELOPMENT_TEAM = 4FTFKXF8N5;
				ENABLE_HARDENED_RUNTIME = YES;
				ENABLE_PREVIEWS = YES;
				GENERATE_INFOPLIST_FILE = YES;
				"INFOPLIST_KEY_UIApplicationSceneManifest_Generation[sdk=iphoneos*]" = YES;
				"INFOPLIST_KEY_UIApplicationSceneManifest_Generation[sdk=iphonesimulator*]" = YES;
				"INFOPLIST_KEY_UIApplicationSupportsIndirectInputEvents[sdk=iphoneos*]" = YES;
				"INFOPLIST_KEY_UIApplicationSupportsIndirectInputEvents[sdk=iphonesimulator*]" = YES;
				"INFOPLIST_KEY_UILaunchScreen_Generation[sdk=iphoneos*]" = YES;
				"INFOPLIST_KEY_UILaunchScreen_Generation[sdk=iphonesimulator*]" = YES;
				"INFOPLIST_KEY_UIStatusBarStyle[sdk=iphoneos*]" = UIStatusBarStyleDefault;
				"INFOPLIST_KEY_UIStatusBarStyle[sdk=iphonesimulator*]" = UIStatusBarStyleDefault;
				INFOPLIST_KEY_UISupportedInterfaceOrientations_iPad = "UIInterfaceOrientationPortrait UIInterfaceOrientationPortraitUpsideDown UIInterfaceOrientationLandscapeLeft UIInterfaceOrientationLandscapeRight";
				INFOPLIST_KEY_UISupportedInterfaceOrientations_iPhone = "UIInterfaceOrientationPortrait UIInterfaceOrientationLandscapeLeft UIInterfaceOrientationLandscapeRight";
				IPHONEOS_DEPLOYMENT_TARGET = 17.0;
				LD_RUNPATH_SEARCH_PATHS = "@executable_path/Frameworks";
				"LD_RUNPATH_SEARCH_PATHS[sdk=macosx*]" = "@executable_path/../Frameworks";
				MACOSX_DEPLOYMENT_TARGET = 14.0;
				MARKETING_VERSION = 1.0;
				PRODUCT_BUNDLE_IDENTIFIER = com.jeongminkim.ExpenseTrackerApp;
				PRODUCT_NAME = "$(TARGET_NAME)";
				SDKROOT = auto;
				SUPPORTED_PLATFORMS = "iphoneos iphonesimulator macosx";
				SWIFT_EMIT_LOC_STRINGS = YES;
				SWIFT_VERSION = 5.0;
				TARGETED_DEVICE_FAMILY = "1,2";
			};
			name = Debug;
		};
		A9F4AC1B2AA5B04600FC24BF /* Release */ = {
			isa = XCBuildConfiguration;
			buildSettings = {
				ASSETCATALOG_COMPILER_APPICON_NAME = AppIcon;
				ASSETCATALOG_COMPILER_GLOBAL_ACCENT_COLOR_NAME = AccentColor;
				CODE_SIGN_ENTITLEMENTS = ExpenseTrackerApp/ExpenseTrackerApp.entitlements;
				CODE_SIGN_STYLE = Automatic;
				CURRENT_PROJECT_VERSION = 1;
				DEVELOPMENT_ASSET_PATHS = "\"ExpenseTrackerApp/Preview Content\"";
				DEVELOPMENT_TEAM = 4FTFKXF8N5;
				ENABLE_HARDENED_RUNTIME = YES;
				ENABLE_PREVIEWS = YES;
				GENERATE_INFOPLIST_FILE = YES;
				"INFOPLIST_KEY_UIApplicationSceneManifest_Generation[sdk=iphoneos*]" = YES;
				"INFOPLIST_KEY_UIApplicationSceneManifest_Generation[sdk=iphonesimulator*]" = YES;
				"INFOPLIST_KEY_UIApplicationSupportsIndirectInputEvents[sdk=iphoneos*]" = YES;
				"INFOPLIST_KEY_UIApplicationSupportsIndirectInputEvents[sdk=iphonesimulator*]" = YES;
				"INFOPLIST_KEY_UILaunchScreen_Generation[sdk=iphoneos*]" = YES;
				"INFOPLIST_KEY_UILaunchScreen_Generation[sdk=iphonesimulator*]" = YES;
				"INFOPLIST_KEY_UIStatusBarStyle[sdk=iphoneos*]" = UIStatusBarStyleDefault;
				"INFOPLIST_KEY_UIStatusBarStyle[sdk=iphonesimulator*]" = UIStatusBarStyleDefault;
				INFOPLIST_KEY_UISupportedInterfaceOrientations_iPad = "UIInterfaceOrientationPortrait UIInterfaceOrientationPortraitUpsideDown UIInterfaceOrientationLandscapeLeft UIInterfaceOrientationLandscapeRight";
				INFOPLIST_KEY_UISupportedInterfaceOrientations_iPhone = "UIInterfaceOrientationPortrait UIInterfaceOrientationLandscapeLeft UIInterfaceOrientationLandscapeRight";
				IPHONEOS_DEPLOYMENT_TARGET = 17.0;
				LD_RUNPATH_SEARCH_PATHS = "@executable_path/Frameworks";
				"LD_RUNPATH_SEARCH_PATHS[sdk=macosx*]" = "@executable_path/../Frameworks";
				MACOSX_DEPLOYMENT_TARGET = 14.0;
				MARKETING_VERSION = 1.0;
				PRODUCT_BUNDLE_IDENTIFIER = com.jeongminkim.ExpenseTrackerApp;
				PRODUCT_NAME = "$(TARGET_NAME)";
				SDKROOT = auto;
				SUPPORTED_PLATFORMS = "iphoneos iphonesimulator macosx";
				SWIFT_EMIT_LOC_STRINGS = YES;
				SWIFT_VERSION = 5.0;
				TARGETED_DEVICE_FAMILY = "1,2";
			};
			name = Release;
		};
/* End XCBuildConfiguration section */

/* Begin XCConfigurationList section */
		A9F4AC032AA5B04500FC24BF /* Build configuration list for PBXProject "ExpenseTrackerApp" */ = {
			isa = XCConfigurationList;
			buildConfigurations = (
				A9F4AC172AA5B04600FC24BF /* Debug */,
				A9F4AC182AA5B04600FC24BF /* Release */,
			);
			defaultConfigurationIsVisible = 0;
			defaultConfigurationName = Release;
		};
		A9F4AC192AA5B04600FC24BF /* Build configuration list for PBXNativeTarget "ExpenseTrackerApp" */ = {
			isa = XCConfigurationList;
			buildConfigurations = (
				A9F4AC1A2AA5B04600FC24BF /* Debug */,
				A9F4AC1B2AA5B04600FC24BF /* Release */,
			);
			defaultConfigurationIsVisible = 0;
			defaultConfigurationName = Release;
		};
/* End XCConfigurationList section */
	};
	rootObject = A9F4AC002AA5B04500FC24BF /* Project object */;
}
